
Microsoft Visual Studio Solution File, Format Version 12.00
# Visual Studio 15
VisualStudioVersion = 15.0.28307.489
MinimumVisualStudioVersion = 10.0.40219.1
Project("{FAE04EC0-301F-11D3-BF4B-00C04F79EFBC}") = "Dataentitites", "Dataentitites\Dataentitites.csproj", "{24D24F44-DDBF-436A-8F5B-1A56965E808F}"
EndProject
Project("{FAE04EC0-301F-11D3-BF4B-00C04F79EFBC}") = "JooleRepo", "JooleRepo\JooleRepo.csproj", "{41E2DE21-E816-44CC-A064-2DFAF6454D88}"
EndProject
Project("{FAE04EC0-301F-11D3-BF4B-00C04F79EFBC}") = "RepoBLL", "RepoBLL\RepoBLL.csproj", "{5DF21A70-2D0C-43D9-AC43-5125C22C140C}"
EndProject
Project("{FAE04EC0-301F-11D3-BF4B-00C04F79EFBC}") = "Services", "Services\Services.csproj", "{B3A71245-4D41-45A8-AB15-8E177C4435EF}"
EndProject
Project("{FAE04EC0-301F-11D3-BF4B-00C04F79EFBC}") = "JooleUI", "JooleUI\JooleUI.csproj", "{FA372F66-7187-4488-A7E1-EEEF37E05389}"
EndProject
Global
	GlobalSection(SolutionConfigurationPlatforms) = preSolution
		Debug|Any CPU = Debug|Any CPU
		Release|Any CPU = Release|Any CPU
	EndGlobalSection
	GlobalSection(ProjectConfigurationPlatforms) = postSolution
		{24D24F44-DDBF-436A-8F5B-1A56965E808F}.Debug|Any CPU.ActiveCfg = Debug|Any CPU
		{24D24F44-DDBF-436A-8F5B-1A56965E808F}.Debug|Any CPU.Build.0 = Debug|Any CPU
		{24D24F44-DDBF-436A-8F5B-1A56965E808F}.Release|Any CPU.ActiveCfg = Release|Any CPU
		{24D24F44-DDBF-436A-8F5B-1A56965E808F}.Release|Any CPU.Build.0 = Release|Any CPU
		{41E2DE21-E816-44CC-A064-2DFAF6454D88}.Debug|Any CPU.ActiveCfg = Debug|Any CPU
		{41E2DE21-E816-44CC-A064-2DFAF6454D88}.Debug|Any CPU.Build.0 = Debug|Any CPU
		{41E2DE21-E816-44CC-A064-2DFAF6454D88}.Release|Any CPU.ActiveCfg = Release|Any CPU
		{41E2DE21-E816-44CC-A064-2DFAF6454D88}.Release|Any CPU.Build.0 = Release|Any CPU
		{5DF21A70-2D0C-43D9-AC43-5125C22C140C}.Debug|Any CPU.ActiveCfg = Debug|Any CPU
		{5DF21A70-2D0C-43D9-AC43-5125C22C140C}.Debug|Any CPU.Build.0 = Debug|Any CPU
		{5DF21A70-2D0C-43D9-AC43-5125C22C140C}.Release|Any CPU.ActiveCfg = Release|Any CPU
		{5DF21A70-2D0C-43D9-AC43-5125C22C140C}.Release|Any CPU.Build.0 = Release|Any CPU
		{B3A71245-4D41-45A8-AB15-8E177C4435EF}.Debug|Any CPU.ActiveCfg = Debug|Any CPU
		{B3A71245-4D41-45A8-AB15-8E177C4435EF}.Debug|Any CPU.Build.0 = Debug|Any CPU
		{B3A71245-4D41-45A8-AB15-8E177C4435EF}.Release|Any CPU.ActiveCfg = Release|Any CPU
		{B3A71245-4D41-45A8-AB15-8E177C4435EF}.Release|Any CPU.Build.0 = Release|Any CPU
		{FA372F66-7187-4488-A7E1-EEEF37E05389}.Debug|Any CPU.ActiveCfg = Debug|Any CPU
		{FA372F66-7187-4488-A7E1-EEEF37E05389}.Debug|Any CPU.Build.0 = Debug|Any CPU
		{FA372F66-7187-4488-A7E1-EEEF37E05389}.Release|Any CPU.ActiveCfg = Release|Any CPU
		{FA372F66-7187-4488-A7E1-EEEF37E05389}.Release|Any CPU.Build.0 = Release|Any CPU
	EndGlobalSection
	GlobalSection(SolutionProperties) = preSolution
		HideSolutionNode = FALSE
	EndGlobalSection
	GlobalSection(ExtensibilityGlobals) = postSolution
		SolutionGuid = {CAA6E95A-FCA8-4FD3-A0CB-D222309EB362}
	EndGlobalSection
EndGlobal
